
Microsoft Visual Studio Solution File, Format Version 12.00
# Visual Studio Version 17
VisualStudioVersion = 17.14.36623.8 d17.14
MinimumVisualStudioVersion = 10.0.40219.1
Project("{FAE04EC0-301F-11D3-BF4B-00C04F79EFBC}") = "Eat", "Eat\Eat.csproj", "{B2C0CB18-60D1-4924-8999-005D9A659F57}"
EndProject
Global
	GlobalSection(SolutionConfigurationPlatforms) = preSolution
		Debug|Any CPU = Debug|Any CPU
		Release|Any CPU = Release|Any CPU
	EndGlobalSection
	GlobalSection(ProjectConfigurationPlatforms) = postSolution
		{B2C0CB18-60D1-4924-8999-005D9A659F57}.Debug|Any CPU.ActiveCfg = Debug|Any CPU
		{B2C0CB18-60D1-4924-8999-005D9A659F57}.Debug|Any CPU.Build.0 = Debug|Any CPU
		{B2C0CB18-60D1-4924-8999-005D9A659F57}.Release|Any CPU.ActiveCfg = Release|Any CPU
		{B2C0CB18-60D1-4924-8999-005D9A659F57}.Release|Any CPU.Build.0 = Release|Any CPU
	EndGlobalSection
	GlobalSection(SolutionProperties) = preSolution
		HideSolutionNode = FALSE
	EndGlobalSection
	GlobalSection(ExtensibilityGlobals) = postSolution
		SolutionGuid = {33CD4FB6-C43C-4900-B2E2-6D7D4C3CB32E}
	EndGlobalSection
EndGlobal
